
Microsoft Visual Studio Solution File, Format Version 12.00
Project("{FAE04EC0-301F-11D3-BF4B-00C04F79EFBC}") = "Razorvine.Serpent", "Razorvine.Serpent\Razorvine.Serpent.csproj", "{2FD56EEF-23E7-4CE8-94FA-92B0FC6E5CA4}"
EndProject
Project("{FAE04EC0-301F-11D3-BF4B-00C04F79EFBC}") = "Tests", "Tests\Tests.csproj", "{10CAEE38-7E25-420D-AC29-98960E8785D2}"
EndProject
Global
	GlobalSection(SolutionConfigurationPlatforms) = preSolution
		Debug|Any CPU = Debug|Any CPU
		Release|Any CPU = Release|Any CPU
	EndGlobalSection
	GlobalSection(ProjectConfigurationPlatforms) = postSolution
		{2FD56EEF-23E7-4CE8-94FA-92B0FC6E5CA4}.Debug|Any CPU.ActiveCfg = Debug|Any CPU
		{2FD56EEF-23E7-4CE8-94FA-92B0FC6E5CA4}.Debug|Any CPU.Build.0 = Debug|Any CPU
		{2FD56EEF-23E7-4CE8-94FA-92B0FC6E5CA4}.Release|Any CPU.ActiveCfg = Release|Any CPU
		{2FD56EEF-23E7-4CE8-94FA-92B0FC6E5CA4}.Release|Any CPU.Build.0 = Release|Any CPU
		{10CAEE38-7E25-420D-AC29-98960E8785D2}.Debug|Any CPU.ActiveCfg = Debug|Any CPU
		{10CAEE38-7E25-420D-AC29-98960E8785D2}.Debug|Any CPU.Build.0 = Debug|Any CPU
		{10CAEE38-7E25-420D-AC29-98960E8785D2}.Release|Any CPU.ActiveCfg = Release|Any CPU
		{10CAEE38-7E25-420D-AC29-98960E8785D2}.Release|Any CPU.Build.0 = Release|Any CPU
	EndGlobalSection
EndGlobal
